// !$*UTF8*$!
{
	archiveVersion = 1;
	classes = {
	};
	objectVersion = 52;
	objects = {

/* Begin PBXBuildFile section */
		AA6309F824C0A17100C47C2D /* Debug View.swift in Sources */ = {isa = PBXBuildFile; fileRef = AA6309F724C0A17100C47C2D /* Debug View.swift */; };
		AA9D90C424C04F3400CAC732 /* Connect to API.swift in Sources */ = {isa = PBXBuildFile; fileRef = AA9D90C324C04F3400CAC732 /* Connect to API.swift */; };
		AAB61DBE24C0F59400EB015B /* Alamofire in Frameworks */ = {isa = PBXBuildFile; productRef = AAB61DBD24C0F59400EB015B /* Alamofire */; };
		AAD33D4824B71BB200739A95 /* BA_PrototypApp.swift in Sources */ = {isa = PBXBuildFile; fileRef = AAD33D4724B71BB200739A95 /* BA_PrototypApp.swift */; };
		AAD33D4A24B71BB200739A95 /* ContentView.swift in Sources */ = {isa = PBXBuildFile; fileRef = AAD33D4924B71BB200739A95 /* ContentView.swift */; };
		AAD33D4C24B71BB500739A95 /* Assets.xcassets in Resources */ = {isa = PBXBuildFile; fileRef = AAD33D4B24B71BB500739A95 /* Assets.xcassets */; };
		AAD33D4F24B71BB500739A95 /* Preview Assets.xcassets in Resources */ = {isa = PBXBuildFile; fileRef = AAD33D4E24B71BB500739A95 /* Preview Assets.xcassets */; };
		AAD33D5A24B71BB500739A95 /* BA_PrototypTests.swift in Sources */ = {isa = PBXBuildFile; fileRef = AAD33D5924B71BB500739A95 /* BA_PrototypTests.swift */; };
		AAD33D6524B71BB500739A95 /* BA_PrototypUITests.swift in Sources */ = {isa = PBXBuildFile; fileRef = AAD33D6424B71BB500739A95 /* BA_PrototypUITests.swift */; };
		AAD33D7424B8423000739A95 /* 1-Document_Detection.swift in Sources */ = {isa = PBXBuildFile; fileRef = AAD33D7324B8423000739A95 /* 1-Document_Detection.swift */; };
		AAD33D7624B8424900739A95 /* 2-Yolo1.swift in Sources */ = {isa = PBXBuildFile; fileRef = AAD33D7524B8424900739A95 /* 2-Yolo1.swift */; };
		AAD33D7824B8425C00739A95 /* 3-Tesseract.swift in Sources */ = {isa = PBXBuildFile; fileRef = AAD33D7724B8425C00739A95 /* 3-Tesseract.swift */; };
		AAD33D7C24B8427B00739A95 /* 4-Logic1.swift in Sources */ = {isa = PBXBuildFile; fileRef = AAD33D7B24B8427B00739A95 /* 4-Logic1.swift */; };
		AAD33D7E24B8428A00739A95 /* 5-Tensor1.swift in Sources */ = {isa = PBXBuildFile; fileRef = AAD33D7D24B8428A00739A95 /* 5-Tensor1.swift */; };
		AAD33D8024B842A600739A95 /* 0-Log Funktionen.swift in Sources */ = {isa = PBXBuildFile; fileRef = AAD33D7F24B842A600739A95 /* 0-Log Funktionen.swift */; };
		AAD33D8924B864B200739A95 /* CameraKontroller.swift in Sources */ = {isa = PBXBuildFile; fileRef = AAD33D8824B864B200739A95 /* CameraKontroller.swift */; };
		AAD33D8B24B8650900739A95 /* Camera View.swift in Sources */ = {isa = PBXBuildFile; fileRef = AAD33D8A24B8650900739A95 /* Camera View.swift */; };
/* End PBXBuildFile section */

/* Begin PBXContainerItemProxy section */
		AAD33D5624B71BB500739A95 /* PBXContainerItemProxy */ = {
			isa = PBXContainerItemProxy;
			containerPortal = AAD33D3C24B71BB200739A95 /* Project object */;
			proxyType = 1;
			remoteGlobalIDString = AAD33D4324B71BB200739A95;
			remoteInfo = "BA-Prototyp";
		};
		AAD33D6124B71BB500739A95 /* PBXContainerItemProxy */ = {
			isa = PBXContainerItemProxy;
			containerPortal = AAD33D3C24B71BB200739A95 /* Project object */;
			proxyType = 1;
			remoteGlobalIDString = AAD33D4324B71BB200739A95;
			remoteInfo = "BA-Prototyp";
		};
/* End PBXContainerItemProxy section */

/* Begin PBXFileReference section */
		AA6309F724C0A17100C47C2D /* Debug View.swift */ = {isa = PBXFileReference; lastKnownFileType = sourcecode.swift; path = "Debug View.swift"; sourceTree = "<group>"; };
		AA9D90C324C04F3400CAC732 /* Connect to API.swift */ = {isa = PBXFileReference; lastKnownFileType = sourcecode.swift; path = "Connect to API.swift"; sourceTree = "<group>"; };
		AAD33D4424B71BB200739A95 /* BA-Prototyp.app */ = {isa = PBXFileReference; explicitFileType = wrapper.application; includeInIndex = 0; path = "BA-Prototyp.app"; sourceTree = BUILT_PRODUCTS_DIR; };
		AAD33D4724B71BB200739A95 /* BA_PrototypApp.swift */ = {isa = PBXFileReference; lastKnownFileType = sourcecode.swift; path = BA_PrototypApp.swift; sourceTree = "<group>"; };
		AAD33D4924B71BB200739A95 /* ContentView.swift */ = {isa = PBXFileReference; lastKnownFileType = sourcecode.swift; path = ContentView.swift; sourceTree = "<group>"; };
		AAD33D4B24B71BB500739A95 /* Assets.xcassets */ = {isa = PBXFileReference; lastKnownFileType = folder.assetcatalog; path = Assets.xcassets; sourceTree = "<group>"; };
		AAD33D4E24B71BB500739A95 /* Preview Assets.xcassets */ = {isa = PBXFileReference; lastKnownFileType = folder.assetcatalog; path = "Preview Assets.xcassets"; sourceTree = "<group>"; };
		AAD33D5024B71BB500739A95 /* Info.plist */ = {isa = PBXFileReference; lastKnownFileType = text.plist.xml; path = Info.plist; sourceTree = "<group>"; };
		AAD33D5524B71BB500739A95 /* BA-PrototypTests.xctest */ = {isa = PBXFileReference; explicitFileType = wrapper.cfbundle; includeInIndex = 0; path = "BA-PrototypTests.xctest"; sourceTree = BUILT_PRODUCTS_DIR; };
		AAD33D5924B71BB500739A95 /* BA_PrototypTests.swift */ = {isa = PBXFileReference; lastKnownFileType = sourcecode.swift; path = BA_PrototypTests.swift; sourceTree = "<group>"; };
		AAD33D5B24B71BB500739A95 /* Info.plist */ = {isa = PBXFileReference; lastKnownFileType = text.plist.xml; path = Info.plist; sourceTree = "<group>"; };
		AAD33D6024B71BB500739A95 /* BA-PrototypUITests.xctest */ = {isa = PBXFileReference; explicitFileType = wrapper.cfbundle; includeInIndex = 0; path = "BA-PrototypUITests.xctest"; sourceTree = BUILT_PRODUCTS_DIR; };
		AAD33D6424B71BB500739A95 /* BA_PrototypUITests.swift */ = {isa = PBXFileReference; lastKnownFileType = sourcecode.swift; path = BA_PrototypUITests.swift; sourceTree = "<group>"; };
		AAD33D6624B71BB500739A95 /* Info.plist */ = {isa = PBXFileReference; lastKnownFileType = text.plist.xml; path = Info.plist; sourceTree = "<group>"; };
		AAD33D7324B8423000739A95 /* 1-Document_Detection.swift */ = {isa = PBXFileReference; lastKnownFileType = sourcecode.swift; path = "1-Document_Detection.swift"; sourceTree = "<group>"; };
		AAD33D7524B8424900739A95 /* 2-Yolo1.swift */ = {isa = PBXFileReference; lastKnownFileType = sourcecode.swift; path = "2-Yolo1.swift"; sourceTree = "<group>"; };
		AAD33D7724B8425C00739A95 /* 3-Tesseract.swift */ = {isa = PBXFileReference; lastKnownFileType = sourcecode.swift; path = "3-Tesseract.swift"; sourceTree = "<group>"; };
		AAD33D7B24B8427B00739A95 /* 4-Logic1.swift */ = {isa = PBXFileReference; lastKnownFileType = sourcecode.swift; path = "4-Logic1.swift"; sourceTree = "<group>"; };
		AAD33D7D24B8428A00739A95 /* 5-Tensor1.swift */ = {isa = PBXFileReference; lastKnownFileType = sourcecode.swift; path = "5-Tensor1.swift"; sourceTree = "<group>"; };
		AAD33D7F24B842A600739A95 /* 0-Log Funktionen.swift */ = {isa = PBXFileReference; lastKnownFileType = sourcecode.swift; path = "0-Log Funktionen.swift"; sourceTree = "<group>"; };
		AAD33D8824B864B200739A95 /* CameraKontroller.swift */ = {isa = PBXFileReference; lastKnownFileType = sourcecode.swift; path = CameraKontroller.swift; sourceTree = "<group>"; };
		AAD33D8A24B8650900739A95 /* Camera View.swift */ = {isa = PBXFileReference; lastKnownFileType = sourcecode.swift; path = "Camera View.swift"; sourceTree = "<group>"; };
/* End PBXFileReference section */

/* Begin PBXFrameworksBuildPhase section */
		AAD33D4124B71BB200739A95 /* Frameworks */ = {
			isa = PBXFrameworksBuildPhase;
			buildActionMask = 2147483647;
			files = (
				AAB61DBE24C0F59400EB015B /* Alamofire in Frameworks */,
			);
			runOnlyForDeploymentPostprocessing = 0;
		};
		AAD33D5224B71BB500739A95 /* Frameworks */ = {
			isa = PBXFrameworksBuildPhase;
			buildActionMask = 2147483647;
			files = (
			);
			runOnlyForDeploymentPostprocessing = 0;
		};
		AAD33D5D24B71BB500739A95 /* Frameworks */ = {
			isa = PBXFrameworksBuildPhase;
			buildActionMask = 2147483647;
			files = (
			);
			runOnlyForDeploymentPostprocessing = 0;
		};
/* End PBXFrameworksBuildPhase section */

/* Begin PBXGroup section */
		AAB61DB924C0F0F200EB015B /* Frameworks */ = {
			isa = PBXGroup;
			children = (
			);
			name = Frameworks;
			sourceTree = "<group>";
		};
		AAD33D3B24B71BB200739A95 = {
			isa = PBXGroup;
			children = (
				AAD33D4624B71BB200739A95 /* BA-Prototyp */,
				AAD33D5824B71BB500739A95 /* BA-PrototypTests */,
				AAD33D6324B71BB500739A95 /* BA-PrototypUITests */,
				AAD33D4524B71BB200739A95 /* Products */,
				AAB61DB924C0F0F200EB015B /* Frameworks */,
			);
			sourceTree = "<group>";
		};
		AAD33D4524B71BB200739A95 /* Products */ = {
			isa = PBXGroup;
			children = (
				AAD33D4424B71BB200739A95 /* BA-Prototyp.app */,
				AAD33D5524B71BB500739A95 /* BA-PrototypTests.xctest */,
				AAD33D6024B71BB500739A95 /* BA-PrototypUITests.xctest */,
			);
			name = Products;
			sourceTree = "<group>";
		};
		AAD33D4624B71BB200739A95 /* BA-Prototyp */ = {
			isa = PBXGroup;
			children = (
				AAD33D4724B71BB200739A95 /* BA_PrototypApp.swift */,
				AAD33D4924B71BB200739A95 /* ContentView.swift */,
				AAD33D4B24B71BB500739A95 /* Assets.xcassets */,
				AAD33D5024B71BB500739A95 /* Info.plist */,
				AAD33D8724B862F100739A95 /* 1. Views */,
				AAD33D8624B862E500739A95 /* 2. View Funktionen */,
				AAD33D7224B841F600739A95 /* 3. HauptFunktionen */,
				AAD33D4D24B71BB500739A95 /* Preview Content */,
			);
			path = "BA-Prototyp";
			sourceTree = "<group>";
		};
		AAD33D4D24B71BB500739A95 /* Preview Content */ = {
			isa = PBXGroup;
			children = (
				AAD33D4E24B71BB500739A95 /* Preview Assets.xcassets */,
			);
			path = "Preview Content";
			sourceTree = "<group>";
		};
		AAD33D5824B71BB500739A95 /* BA-PrototypTests */ = {
			isa = PBXGroup;
			children = (
				AAD33D5924B71BB500739A95 /* BA_PrototypTests.swift */,
				AAD33D5B24B71BB500739A95 /* Info.plist */,
			);
			path = "BA-PrototypTests";
			sourceTree = "<group>";
		};
		AAD33D6324B71BB500739A95 /* BA-PrototypUITests */ = {
			isa = PBXGroup;
			children = (
				AAD33D6424B71BB500739A95 /* BA_PrototypUITests.swift */,
				AAD33D6624B71BB500739A95 /* Info.plist */,
			);
			path = "BA-PrototypUITests";
			sourceTree = "<group>";
		};
		AAD33D7224B841F600739A95 /* 3. HauptFunktionen */ = {
			isa = PBXGroup;
			children = (
				AA9D90C324C04F3400CAC732 /* Connect to API.swift */,
				AAD33D7F24B842A600739A95 /* 0-Log Funktionen.swift */,
				AAD33D7324B8423000739A95 /* 1-Document_Detection.swift */,
				AAD33D7524B8424900739A95 /* 2-Yolo1.swift */,
				AAD33D7724B8425C00739A95 /* 3-Tesseract.swift */,
				AAD33D7B24B8427B00739A95 /* 4-Logic1.swift */,
				AAD33D7D24B8428A00739A95 /* 5-Tensor1.swift */,
			);
			path = "3. HauptFunktionen";
			sourceTree = "<group>";
		};
		AAD33D8624B862E500739A95 /* 2. View Funktionen */ = {
			isa = PBXGroup;
			children = (
				AAD33D8824B864B200739A95 /* CameraKontroller.swift */,
			);
			path = "2. View Funktionen";
			sourceTree = "<group>";
		};
		AAD33D8724B862F100739A95 /* 1. Views */ = {
			isa = PBXGroup;
			children = (
				AAD33D8A24B8650900739A95 /* Camera View.swift */,
				AA6309F724C0A17100C47C2D /* Debug View.swift */,
			);
			path = "1. Views";
			sourceTree = "<group>";
		};
/* End PBXGroup section */

/* Begin PBXNativeTarget section */
		AAD33D4324B71BB200739A95 /* BA-Prototyp */ = {
			isa = PBXNativeTarget;
			buildConfigurationList = AAD33D6924B71BB500739A95 /* Build configuration list for PBXNativeTarget "BA-Prototyp" */;
			buildPhases = (
				AAD33D4024B71BB200739A95 /* Sources */,
				AAD33D4124B71BB200739A95 /* Frameworks */,
				AAD33D4224B71BB200739A95 /* Resources */,
			);
			buildRules = (
			);
			dependencies = (
			);
			name = "BA-Prototyp";
			packageProductDependencies = (
				AAB61DBD24C0F59400EB015B /* Alamofire */,
			);
			productName = "BA-Prototyp";
			productReference = AAD33D4424B71BB200739A95 /* BA-Prototyp.app */;
			productType = "com.apple.product-type.application";
		};
		AAD33D5424B71BB500739A95 /* BA-PrototypTests */ = {
			isa = PBXNativeTarget;
			buildConfigurationList = AAD33D6C24B71BB500739A95 /* Build configuration list for PBXNativeTarget "BA-PrototypTests" */;
			buildPhases = (
				AAD33D5124B71BB500739A95 /* Sources */,
				AAD33D5224B71BB500739A95 /* Frameworks */,
				AAD33D5324B71BB500739A95 /* Resources */,
			);
			buildRules = (
			);
			dependencies = (
				AAD33D5724B71BB500739A95 /* PBXTargetDependency */,
			);
			name = "BA-PrototypTests";
			productName = "BA-PrototypTests";
			productReference = AAD33D5524B71BB500739A95 /* BA-PrototypTests.xctest */;
			productType = "com.apple.product-type.bundle.unit-test";
		};
		AAD33D5F24B71BB500739A95 /* BA-PrototypUITests */ = {
			isa = PBXNativeTarget;
			buildConfigurationList = AAD33D6F24B71BB500739A95 /* Build configuration list for PBXNativeTarget "BA-PrototypUITests" */;
			buildPhases = (
				AAD33D5C24B71BB500739A95 /* Sources */,
				AAD33D5D24B71BB500739A95 /* Frameworks */,
				AAD33D5E24B71BB500739A95 /* Resources */,
			);
			buildRules = (
			);
			dependencies = (
				AAD33D6224B71BB500739A95 /* PBXTargetDependency */,
			);
			name = "BA-PrototypUITests";
			productName = "BA-PrototypUITests";
			productReference = AAD33D6024B71BB500739A95 /* BA-PrototypUITests.xctest */;
			productType = "com.apple.product-type.bundle.ui-testing";
		};
/* End PBXNativeTarget section */

/* Begin PBXProject section */
		AAD33D3C24B71BB200739A95 /* Project object */ = {
			isa = PBXProject;
			attributes = {
				LastSwiftUpdateCheck = 1200;
				LastUpgradeCheck = 1200;
				TargetAttributes = {
					AAD33D4324B71BB200739A95 = {
						CreatedOnToolsVersion = 12.0;
					};
					AAD33D5424B71BB500739A95 = {
						CreatedOnToolsVersion = 12.0;
						TestTargetID = AAD33D4324B71BB200739A95;
					};
					AAD33D5F24B71BB500739A95 = {
						CreatedOnToolsVersion = 12.0;
						TestTargetID = AAD33D4324B71BB200739A95;
					};
				};
			};
			buildConfigurationList = AAD33D3F24B71BB200739A95 /* Build configuration list for PBXProject "BA-Prototyp" */;
			compatibilityVersion = "Xcode 9.3";
			developmentRegion = en;
			hasScannedForEncodings = 0;
			knownRegions = (
				en,
				Base,
			);
			mainGroup = AAD33D3B24B71BB200739A95;
			packageReferences = (
				AAB61DBC24C0F59400EB015B /* XCRemoteSwiftPackageReference "Alamofire" */,
			);
			productRefGroup = AAD33D4524B71BB200739A95 /* Products */;
			projectDirPath = "";
			projectRoot = "";
			targets = (
				AAD33D4324B71BB200739A95 /* BA-Prototyp */,
				AAD33D5424B71BB500739A95 /* BA-PrototypTests */,
				AAD33D5F24B71BB500739A95 /* BA-PrototypUITests */,
			);
		};
/* End PBXProject section */

/* Begin PBXResourcesBuildPhase section */
		AAD33D4224B71BB200739A95 /* Resources */ = {
			isa = PBXResourcesBuildPhase;
			buildActionMask = 2147483647;
			files = (
				AAD33D4F24B71BB500739A95 /* Preview Assets.xcassets in Resources */,
				AAD33D4C24B71BB500739A95 /* Assets.xcassets in Resources */,
			);
			runOnlyForDeploymentPostprocessing = 0;
		};
		AAD33D5324B71BB500739A95 /* Resources */ = {
			isa = PBXResourcesBuildPhase;
			buildActionMask = 2147483647;
			files = (
			);
			runOnlyForDeploymentPostprocessing = 0;
		};
		AAD33D5E24B71BB500739A95 /* Resources */ = {
			isa = PBXResourcesBuildPhase;
			buildActionMask = 2147483647;
			files = (
			);
			runOnlyForDeploymentPostprocessing = 0;
		};
/* End PBXResourcesBuildPhase section */

/* Begin PBXSourcesBuildPhase section */
		AAD33D4024B71BB200739A95 /* Sources */ = {
			isa = PBXSourcesBuildPhase;
			buildActionMask = 2147483647;
			files = (
				AAD33D7C24B8427B00739A95 /* 4-Logic1.swift in Sources */,
				AA6309F824C0A17100C47C2D /* Debug View.swift in Sources */,
				AAD33D7E24B8428A00739A95 /* 5-Tensor1.swift in Sources */,
				AAD33D8924B864B200739A95 /* CameraKontroller.swift in Sources */,
				AAD33D7424B8423000739A95 /* 1-Document_Detection.swift in Sources */,
				AA9D90C424C04F3400CAC732 /* Connect to API.swift in Sources */,
				AAD33D7824B8425C00739A95 /* 3-Tesseract.swift in Sources */,
				AAD33D8024B842A600739A95 /* 0-Log Funktionen.swift in Sources */,
				AAD33D4A24B71BB200739A95 /* ContentView.swift in Sources */,
				AAD33D4824B71BB200739A95 /* BA_PrototypApp.swift in Sources */,
				AAD33D8B24B8650900739A95 /* Camera View.swift in Sources */,
				AAD33D7624B8424900739A95 /* 2-Yolo1.swift in Sources */,
			);
			runOnlyForDeploymentPostprocessing = 0;
		};
		AAD33D5124B71BB500739A95 /* Sources */ = {
			isa = PBXSourcesBuildPhase;
			buildActionMask = 2147483647;
			files = (
				AAD33D5A24B71BB500739A95 /* BA_PrototypTests.swift in Sources */,
			);
			runOnlyForDeploymentPostprocessing = 0;
		};
		AAD33D5C24B71BB500739A95 /* Sources */ = {
			isa = PBXSourcesBuildPhase;
			buildActionMask = 2147483647;
			files = (
				AAD33D6524B71BB500739A95 /* BA_PrototypUITests.swift in Sources */,
			);
			runOnlyForDeploymentPostprocessing = 0;
		};
/* End PBXSourcesBuildPhase section */

/* Begin PBXTargetDependency section */
		AAD33D5724B71BB500739A95 /* PBXTargetDependency */ = {
			isa = PBXTargetDependency;
			target = AAD33D4324B71BB200739A95 /* BA-Prototyp */;
			targetProxy = AAD33D5624B71BB500739A95 /* PBXContainerItemProxy */;
		};
		AAD33D6224B71BB500739A95 /* PBXTargetDependency */ = {
			isa = PBXTargetDependency;
			target = AAD33D4324B71BB200739A95 /* BA-Prototyp */;
			targetProxy = AAD33D6124B71BB500739A95 /* PBXContainerItemProxy */;
		};
/* End PBXTargetDependency section */

/* Begin XCBuildConfiguration section */
		AAD33D6724B71BB500739A95 /* Debug */ = {
			isa = XCBuildConfiguration;
			buildSettings = {
				ALWAYS_SEARCH_USER_PATHS = NO;
				CLANG_ANALYZER_NONNULL = YES;
				CLANG_ANALYZER_NUMBER_OBJECT_CONVERSION = YES_AGGRESSIVE;
				CLANG_CXX_LANGUAGE_STANDARD = "gnu++14";
				CLANG_CXX_LIBRARY = "libc++";
				CLANG_ENABLE_MODULES = YES;
				CLANG_ENABLE_OBJC_ARC = YES;
				CLANG_ENABLE_OBJC_WEAK = YES;
				CLANG_WARN_BLOCK_CAPTURE_AUTORELEASING = YES;
				CLANG_WARN_BOOL_CONVERSION = YES;
				CLANG_WARN_COMMA = YES;
				CLANG_WARN_CONSTANT_CONVERSION = YES;
				CLANG_WARN_DEPRECATED_OBJC_IMPLEMENTATIONS = YES;
				CLANG_WARN_DIRECT_OBJC_ISA_USAGE = YES_ERROR;
				CLANG_WARN_DOCUMENTATION_COMMENTS = YES;
				CLANG_WARN_EMPTY_BODY = YES;
				CLANG_WARN_ENUM_CONVERSION = YES;
				CLANG_WARN_INFINITE_RECURSION = YES;
				CLANG_WARN_INT_CONVERSION = YES;
				CLANG_WARN_NON_LITERAL_NULL_CONVERSION = YES;
				CLANG_WARN_OBJC_IMPLICIT_RETAIN_SELF = YES;
				CLANG_WARN_OBJC_LITERAL_CONVERSION = YES;
				CLANG_WARN_OBJC_ROOT_CLASS = YES_ERROR;
				CLANG_WARN_QUOTED_INCLUDE_IN_FRAMEWORK_HEADER = YES;
				CLANG_WARN_RANGE_LOOP_ANALYSIS = YES;
				CLANG_WARN_STRICT_PROTOTYPES = YES;
				CLANG_WARN_SUSPICIOUS_MOVE = YES;
				CLANG_WARN_UNGUARDED_AVAILABILITY = YES_AGGRESSIVE;
				CLANG_WARN_UNREACHABLE_CODE = YES;
				CLANG_WARN__DUPLICATE_METHOD_MATCH = YES;
				COPY_PHASE_STRIP = NO;
				DEBUG_INFORMATION_FORMAT = dwarf;
				ENABLE_STRICT_OBJC_MSGSEND = YES;
				ENABLE_TESTABILITY = YES;
				GCC_C_LANGUAGE_STANDARD = gnu11;
				GCC_DYNAMIC_NO_PIC = NO;
				GCC_NO_COMMON_BLOCKS = YES;
				GCC_OPTIMIZATION_LEVEL = 0;
				GCC_PREPROCESSOR_DEFINITIONS = (
					"DEBUG=1",
					"$(inherited)",
				);
				GCC_WARN_64_TO_32_BIT_CONVERSION = YES;
				GCC_WARN_ABOUT_RETURN_TYPE = YES_ERROR;
				GCC_WARN_UNDECLARED_SELECTOR = YES;
				GCC_WARN_UNINITIALIZED_AUTOS = YES_AGGRESSIVE;
				GCC_WARN_UNUSED_FUNCTION = YES;
				GCC_WARN_UNUSED_VARIABLE = YES;
				IPHONEOS_DEPLOYMENT_TARGET = 14.0;
				MTL_ENABLE_DEBUG_INFO = INCLUDE_SOURCE;
				MTL_FAST_MATH = YES;
				ONLY_ACTIVE_ARCH = YES;
				SDKROOT = iphoneos;
				SWIFT_ACTIVE_COMPILATION_CONDITIONS = DEBUG;
				SWIFT_OPTIMIZATION_LEVEL = "-Onone";
			};
			name = Debug;
		};
		AAD33D6824B71BB500739A95 /* Release */ = {
			isa = XCBuildConfiguration;
			buildSettings = {
				ALWAYS_SEARCH_USER_PATHS = NO;
				CLANG_ANALYZER_NONNULL = YES;
				CLANG_ANALYZER_NUMBER_OBJECT_CONVERSION = YES_AGGRESSIVE;
				CLANG_CXX_LANGUAGE_STANDARD = "gnu++14";
				CLANG_CXX_LIBRARY = "libc++";
				CLANG_ENABLE_MODULES = YES;
				CLANG_ENABLE_OBJC_ARC = YES;
				CLANG_ENABLE_OBJC_WEAK = YES;
				CLANG_WARN_BLOCK_CAPTURE_AUTORELEASING = YES;
				CLANG_WARN_BOOL_CONVERSION = YES;
				CLANG_WARN_COMMA = YES;
				CLANG_WARN_CONSTANT_CONVERSION = YES;
				CLANG_WARN_DEPRECATED_OBJC_IMPLEMENTATIONS = YES;
				CLANG_WARN_DIRECT_OBJC_ISA_USAGE = YES_ERROR;
				CLANG_WARN_DOCUMENTATION_COMMENTS = YES;
				CLANG_WARN_EMPTY_BODY = YES;
				CLANG_WARN_ENUM_CONVERSION = YES;
				CLANG_WARN_INFINITE_RECURSION = YES;
				CLANG_WARN_INT_CONVERSION = YES;
				CLANG_WARN_NON_LITERAL_NULL_CONVERSION = YES;
				CLANG_WARN_OBJC_IMPLICIT_RETAIN_SELF = YES;
				CLANG_WARN_OBJC_LITERAL_CONVERSION = YES;
				CLANG_WARN_OBJC_ROOT_CLASS = YES_ERROR;
				CLANG_WARN_QUOTED_INCLUDE_IN_FRAMEWORK_HEADER = YES;
				CLANG_WARN_RANGE_LOOP_ANALYSIS = YES;
				CLANG_WARN_STRICT_PROTOTYPES = YES;
				CLANG_WARN_SUSPICIOUS_MOVE = YES;
				CLANG_WARN_UNGUARDED_AVAILABILITY = YES_AGGRESSIVE;
				CLANG_WARN_UNREACHABLE_CODE = YES;
				CLANG_WARN__DUPLICATE_METHOD_MATCH = YES;
				COPY_PHASE_STRIP = NO;
				DEBUG_INFORMATION_FORMAT = "dwarf-with-dsym";
				ENABLE_NS_ASSERTIONS = NO;
				ENABLE_STRICT_OBJC_MSGSEND = YES;
				GCC_C_LANGUAGE_STANDARD = gnu11;
				GCC_NO_COMMON_BLOCKS = YES;
				GCC_WARN_64_TO_32_BIT_CONVERSION = YES;
				GCC_WARN_ABOUT_RETURN_TYPE = YES_ERROR;
				GCC_WARN_UNDECLARED_SELECTOR = YES;
				GCC_WARN_UNINITIALIZED_AUTOS = YES_AGGRESSIVE;
				GCC_WARN_UNUSED_FUNCTION = YES;
				GCC_WARN_UNUSED_VARIABLE = YES;
				IPHONEOS_DEPLOYMENT_TARGET = 14.0;
				MTL_ENABLE_DEBUG_INFO = NO;
				MTL_FAST_MATH = YES;
				SDKROOT = iphoneos;
				SWIFT_COMPILATION_MODE = wholemodule;
				SWIFT_OPTIMIZATION_LEVEL = "-O";
				VALIDATE_PRODUCT = YES;
			};
			name = Release;
		};
		AAD33D6A24B71BB500739A95 /* Debug */ = {
			isa = XCBuildConfiguration;
			buildSettings = {
				ASSETCATALOG_COMPILER_APPICON_NAME = AppIcon;
				ASSETCATALOG_COMPILER_GLOBAL_ACCENT_COLOR_NAME = AccentColor;
				CODE_SIGN_STYLE = Automatic;
				DEVELOPMENT_ASSET_PATHS = "\"BA-Prototyp/Preview Content\"";
				DEVELOPMENT_TEAM = QHAK8XB995;
				ENABLE_PREVIEWS = YES;
				FRAMEWORK_SEARCH_PATHS = (
					"$(inherited)",
					"$(PROJECT_DIR)/BA-Prototyp",
				);
				INFOPLIST_FILE = "BA-Prototyp/Info.plist";
				IPHONEOS_DEPLOYMENT_TARGET = 14.0;
				LD_RUNPATH_SEARCH_PATHS = (
					"$(inherited)",
					"@executable_path/Frameworks",
				);
				PRODUCT_BUNDLE_IDENTIFIER = "Darker97.BA-Prototyp";
				PRODUCT_NAME = "$(TARGET_NAME)";
				SWIFT_VERSION = 5.0;
				TARGETED_DEVICE_FAMILY = 1;
			};
			name = Debug;
		};
		AAD33D6B24B71BB500739A95 /* Release */ = {
			isa = XCBuildConfiguration;
			buildSettings = {
				ASSETCATALOG_COMPILER_APPICON_NAME = AppIcon;
				ASSETCATALOG_COMPILER_GLOBAL_ACCENT_COLOR_NAME = AccentColor;
				CODE_SIGN_STYLE = Automatic;
				DEVELOPMENT_ASSET_PATHS = "\"BA-Prototyp/Preview Content\"";
				DEVELOPMENT_TEAM = QHAK8XB995;
				ENABLE_PREVIEWS = YES;
				FRAMEWORK_SEARCH_PATHS = (
					"$(inherited)",
					"$(PROJECT_DIR)/BA-Prototyp",
				);
				INFOPLIST_FILE = "BA-Prototyp/Info.plist";
				IPHONEOS_DEPLOYMENT_TARGET = 14.0;
				LD_RUNPATH_SEARCH_PATHS = (
					"$(inherited)",
					"@executable_path/Frameworks",
				);
				PRODUCT_BUNDLE_IDENTIFIER = "Darker97.BA-Prototyp";
				PRODUCT_NAME = "$(TARGET_NAME)";
				SWIFT_VERSION = 5.0;
				TARGETED_DEVICE_FAMILY = 1;
			};
			name = Release;
		};
		AAD33D6D24B71BB500739A95 /* Debug */ = {
			isa = XCBuildConfiguration;
			buildSettings = {
				ALWAYS_EMBED_SWIFT_STANDARD_LIBRARIES = YES;
				BUNDLE_LOADER = "$(TEST_HOST)";
				CODE_SIGN_STYLE = Automatic;
				DEVELOPMENT_TEAM = QHAK8XB995;
				INFOPLIST_FILE = "BA-PrototypTests/Info.plist";
				IPHONEOS_DEPLOYMENT_TARGET = 14.0;
				LD_RUNPATH_SEARCH_PATHS = (
					"$(inherited)",
					"@executable_path/Frameworks",
					"@loader_path/Frameworks",
				);
				PRODUCT_BUNDLE_IDENTIFIER = "Darker97.BA-PrototypTests";
				PRODUCT_NAME = "$(TARGET_NAME)";
				SWIFT_VERSION = 5.0;
				TARGETED_DEVICE_FAMILY = "1,2";
				TEST_HOST = "$(BUILT_PRODUCTS_DIR)/BA-Prototyp.app/BA-Prototyp";
			};
			name = Debug;
		};
		AAD33D6E24B71BB500739A95 /* Release */ = {
			isa = XCBuildConfiguration;
			buildSettings = {
				ALWAYS_EMBED_SWIFT_STANDARD_LIBRARIES = YES;
				BUNDLE_LOADER = "$(TEST_HOST)";
				CODE_SIGN_STYLE = Automatic;
				DEVELOPMENT_TEAM = QHAK8XB995;
				INFOPLIST_FILE = "BA-PrototypTests/Info.plist";
				IPHONEOS_DEPLOYMENT_TARGET = 14.0;
				LD_RUNPATH_SEARCH_PATHS = (
					"$(inherited)",
					"@executable_path/Frameworks",
					"@loader_path/Frameworks",
				);
				PRODUCT_BUNDLE_IDENTIFIER = "Darker97.BA-PrototypTests";
				PRODUCT_NAME = "$(TARGET_NAME)";
				SWIFT_VERSION = 5.0;
				TARGETED_DEVICE_FAMILY = "1,2";
				TEST_HOST = "$(BUILT_PRODUCTS_DIR)/BA-Prototyp.app/BA-Prototyp";
			};
			name = Release;
		};
		AAD33D7024B71BB500739A95 /* Debug */ = {
			isa = XCBuildConfiguration;
			buildSettings = {
				ALWAYS_EMBED_SWIFT_STANDARD_LIBRARIES = YES;
				CODE_SIGN_STYLE = Automatic;
				DEVELOPMENT_TEAM = QHAK8XB995;
				INFOPLIST_FILE = "BA-PrototypUITests/Info.plist";
				LD_RUNPATH_SEARCH_PATHS = (
					"$(inherited)",
					"@executable_path/Frameworks",
					"@loader_path/Frameworks",
				);
				PRODUCT_BUNDLE_IDENTIFIER = "Darker97.BA-PrototypUITests";
				PRODUCT_NAME = "$(TARGET_NAME)";
				SWIFT_VERSION = 5.0;
				TARGETED_DEVICE_FAMILY = "1,2";
				TEST_TARGET_NAME = "BA-Prototyp";
			};
			name = Debug;
		};
		AAD33D7124B71BB500739A95 /* Release */ = {
			isa = XCBuildConfiguration;
			buildSettings = {
				ALWAYS_EMBED_SWIFT_STANDARD_LIBRARIES = YES;
				CODE_SIGN_STYLE = Automatic;
				DEVELOPMENT_TEAM = QHAK8XB995;
				INFOPLIST_FILE = "BA-PrototypUITests/Info.plist";
				LD_RUNPATH_SEARCH_PATHS = (
					"$(inherited)",
					"@executable_path/Frameworks",
					"@loader_path/Frameworks",
				);
				PRODUCT_BUNDLE_IDENTIFIER = "Darker97.BA-PrototypUITests";
				PRODUCT_NAME = "$(TARGET_NAME)";
				SWIFT_VERSION = 5.0;
				TARGETED_DEVICE_FAMILY = "1,2";
				TEST_TARGET_NAME = "BA-Prototyp";
			};
			name = Release;
		};
/* End XCBuildConfiguration section */

/* Begin XCConfigurationList section */
		AAD33D3F24B71BB200739A95 /* Build configuration list for PBXProject "BA-Prototyp" */ = {
			isa = XCConfigurationList;
			buildConfigurations = (
				AAD33D6724B71BB500739A95 /* Debug */,
				AAD33D6824B71BB500739A95 /* Release */,
			);
			defaultConfigurationIsVisible = 0;
			defaultConfigurationName = Release;
		};
		AAD33D6924B71BB500739A95 /* Build configuration list for PBXNativeTarget "BA-Prototyp" */ = {
			isa = XCConfigurationList;
			buildConfigurations = (
				AAD33D6A24B71BB500739A95 /* Debug */,
				AAD33D6B24B71BB500739A95 /* Release */,
			);
			defaultConfigurationIsVisible = 0;
			defaultConfigurationName = Release;
		};
		AAD33D6C24B71BB500739A95 /* Build configuration list for PBXNativeTarget "BA-PrototypTests" */ = {
			isa = XCConfigurationList;
			buildConfigurations = (
				AAD33D6D24B71BB500739A95 /* Debug */,
				AAD33D6E24B71BB500739A95 /* Release */,
			);
			defaultConfigurationIsVisible = 0;
			defaultConfigurationName = Release;
		};
		AAD33D6F24B71BB500739A95 /* Build configuration list for PBXNativeTarget "BA-PrototypUITests" */ = {
			isa = XCConfigurationList;
			buildConfigurations = (
				AAD33D7024B71BB500739A95 /* Debug */,
				AAD33D7124B71BB500739A95 /* Release */,
			);
			defaultConfigurationIsVisible = 0;
			defaultConfigurationName = Release;
		};
/* End XCConfigurationList section */

/* Begin XCRemoteSwiftPackageReference section */
		AAB61DBC24C0F59400EB015B /* XCRemoteSwiftPackageReference "Alamofire" */ = {
			isa = XCRemoteSwiftPackageReference;
			repositoryURL = "https://github.com/Alamofire/Alamofire";
			requirement = {
				kind = upToNextMajorVersion;
				minimumVersion = 5.2.1;
			};
		};
/* End XCRemoteSwiftPackageReference section */

/* Begin XCSwiftPackageProductDependency section */
		AAB61DBD24C0F59400EB015B /* Alamofire */ = {
			isa = XCSwiftPackageProductDependency;
			package = AAB61DBC24C0F59400EB015B /* XCRemoteSwiftPackageReference "Alamofire" */;
			productName = Alamofire;
		};
/* End XCSwiftPackageProductDependency section */
	};
	rootObject = AAD33D3C24B71BB200739A95 /* Project object */;
}
